
Microsoft Visual Studio Solution File, Format Version 12.00
# Visual Studio 15
Project("{FAE04EC0-301F-11D3-BF4B-00C04F79EFBC}") = "Oculus.Platform", "Oculus.Platform.csproj", "{304AAD28-45CF-979F-E5BA-6696BC5A83FC}"
EndProject
Project("{FAE04EC0-301F-11D3-BF4B-00C04F79EFBC}") = "Assembly-CSharp", "Assembly-CSharp.csproj", "{D581913C-DA91-2A35-C6D0-204586CCCD08}"
EndProject
Project("{FAE04EC0-301F-11D3-BF4B-00C04F79EFBC}") = "Meta.WitAi", "Meta.WitAi.csproj", "{ADD09542-5763-4BC1-7840-C65486851257}"
EndProject
Project("{FAE04EC0-301F-11D3-BF4B-00C04F79EFBC}") = "Oculus.Spatializer", "Oculus.Spatializer.csproj", "{685F2FC0-2FDF-6142-E245-441F4039B44A}"
EndProject
Project("{FAE04EC0-301F-11D3-BF4B-00C04F79EFBC}") = "Oculus.Interaction", "Oculus.Interaction.csproj", "{A725C169-6C43-32E9-1208-62D641907F53}"
EndProject
Project("{FAE04EC0-301F-11D3-BF4B-00C04F79EFBC}") = "Oculus.Interaction.OVR.Samples", "Oculus.Interaction.OVR.Samples.csproj", "{77355702-4F53-76AA-08CF-923A6B407571}"
EndProject
Project("{FAE04EC0-301F-11D3-BF4B-00C04F79EFBC}") = "Oculus.VR", "Oculus.VR.csproj", "{CACE39CE-A9A8-0577-743B-09A8C6417FB3}"
EndProject
Project("{FAE04EC0-301F-11D3-BF4B-00C04F79EFBC}") = "VoiceSDK.Dictation.Runtime", "VoiceSDK.Dictation.Runtime.csproj", "{4974D64F-A1E0-10B7-AA9E-C095F04C3A64}"
EndProject
Project("{FAE04EC0-301F-11D3-BF4B-00C04F79EFBC}") = "Meta.WitAi.TTS", "Meta.WitAi.TTS.csproj", "{86A6D442-6F5F-5E6F-BD77-A9E4ACCD4733}"
EndProject
Project("{FAE04EC0-301F-11D3-BF4B-00C04F79EFBC}") = "Meta.WitAi.Lib", "Meta.WitAi.Lib.csproj", "{0F089897-0CE2-3A5E-5F9F-360197B365C7}"
EndProject
Project("{FAE04EC0-301F-11D3-BF4B-00C04F79EFBC}") = "Oculus.AudioManager", "Oculus.AudioManager.csproj", "{DD417D81-66B9-DD1D-5171-A29A5FD60E65}"
EndProject
Project("{FAE04EC0-301F-11D3-BF4B-00C04F79EFBC}") = "Meta.Voice.Hub.Runtime", "Meta.Voice.Hub.Runtime.csproj", "{9BD61BE9-FB6A-168D-13B0-96F29CDF56E8}"
EndProject
Project("{FAE04EC0-301F-11D3-BF4B-00C04F79EFBC}") = "VoiceSDK.Runtime", "VoiceSDK.Runtime.csproj", "{CC5EB137-0A12-E326-B868-6AE1D2ACA5AA}"
EndProject
Project("{FAE04EC0-301F-11D3-BF4B-00C04F79EFBC}") = "Facebook.Wit.Dictation", "Facebook.Wit.Dictation.csproj", "{E86AE5C2-667E-9572-62E5-D20EFA601100}"
EndProject
Project("{FAE04EC0-301F-11D3-BF4B-00C04F79EFBC}") = "Meta.WitAi.TTS.Samples", "Meta.WitAi.TTS.Samples.csproj", "{12C8C2C3-F78C-9355-D01A-F3F4F35241F5}"
EndProject
Project("{FAE04EC0-301F-11D3-BF4B-00C04F79EFBC}") = "Oculus.Voice.Demo", "Oculus.Voice.Demo.csproj", "{C80A396F-68A4-EE55-A8BD-4E58963D1E5F}"
EndProject
Project("{FAE04EC0-301F-11D3-BF4B-00C04F79EFBC}") = "Oculus.Interaction.OVR", "Oculus.Interaction.OVR.csproj", "{16A45B05-42A8-BDEE-E776-02C804BBCA2D}"
EndProject
Project("{FAE04EC0-301F-11D3-BF4B-00C04F79EFBC}") = "Assembly-CSharp-firstpass", "Assembly-CSharp-firstpass.csproj", "{1AD7AB32-954C-4131-2CE2-FC24793A74AB}"
EndProject
Project("{FAE04EC0-301F-11D3-BF4B-00C04F79EFBC}") = "AssistantCoreSDKRuntime", "AssistantCoreSDKRuntime.csproj", "{16399CF0-990F-A5F8-C583-A97E83C5D050}"
EndProject
Project("{FAE04EC0-301F-11D3-BF4B-00C04F79EFBC}") = "Meta.WitAi.Conduit", "Meta.WitAi.Conduit.csproj", "{7908377F-EE62-154D-4C75-76022039FE70}"
EndProject
Project("{FAE04EC0-301F-11D3-BF4B-00C04F79EFBC}") = "Oculus.LipSync", "Oculus.LipSync.csproj", "{62465B73-2046-E1F3-DE3C-8B8543B6E909}"
EndProject
Project("{FAE04EC0-301F-11D3-BF4B-00C04F79EFBC}") = "Meta.VoiceSDK.Mic.Other", "Meta.VoiceSDK.Mic.Other.csproj", "{9753379E-9F77-AE8D-9D2D-9A6DFD580C1F}"
EndProject
Project("{FAE04EC0-301F-11D3-BF4B-00C04F79EFBC}") = "Meta.VoiceSDK.Mic.Common", "Meta.VoiceSDK.Mic.Common.csproj", "{66EEB2A5-1723-021A-8225-1C1EA62F7DD0}"
EndProject
Project("{FAE04EC0-301F-11D3-BF4B-00C04F79EFBC}") = "Meta.VoiceSDK.Mic.WebGL", "Meta.VoiceSDK.Mic.WebGL.csproj", "{5FDE41BF-41FE-2D4D-AB12-BCFD2B1E2B1A}"
EndProject
Project("{FAE04EC0-301F-11D3-BF4B-00C04F79EFBC}") = "Meta.WitAi.Editor", "Meta.WitAi.Editor.csproj", "{28F2710D-5329-32D0-DC15-0A168E58F8FA}"
EndProject
Project("{FAE04EC0-301F-11D3-BF4B-00C04F79EFBC}") = "Meta.WitAi.Conduit.Editor", "Meta.WitAi.Conduit.Editor.csproj", "{83F50ACB-DBD2-AD7B-1783-3B4DB50A7260}"
EndProject
Project("{FAE04EC0-301F-11D3-BF4B-00C04F79EFBC}") = "Oculus.Interaction.Editor", "Oculus.Interaction.Editor.csproj", "{F04EEAE7-BA8E-2C7B-AAB9-F0B880019144}"
EndProject
Project("{FAE04EC0-301F-11D3-BF4B-00C04F79EFBC}") = "Meta.Voice.Hub.Editor", "Meta.Voice.Hub.Editor.csproj", "{9E4327D9-60D8-E6F9-F82A-A420A875CD0C}"
EndProject
Project("{FAE04EC0-301F-11D3-BF4B-00C04F79EFBC}") = "Meta.WitAI.Lib.Editor", "Meta.WitAI.Lib.Editor.csproj", "{BE42EE46-A705-81A7-B2B1-EE5F891952F4}"
EndProject
Project("{FAE04EC0-301F-11D3-BF4B-00C04F79EFBC}") = "Oculus.VR.Editor", "Oculus.VR.Editor.csproj", "{E78FCE2E-B969-3BD2-365B-E166AC5F6F33}"
EndProject
Project("{FAE04EC0-301F-11D3-BF4B-00C04F79EFBC}") = "Oculus.Interaction.OVR.Editor", "Oculus.Interaction.OVR.Editor.csproj", "{89054E9C-BAC5-84C4-7BAE-ACD7304E710D}"
EndProject
Project("{FAE04EC0-301F-11D3-BF4B-00C04F79EFBC}") = "Assembly-CSharp-Editor", "Assembly-CSharp-Editor.csproj", "{CB8D77A3-D598-D00C-0F79-CD0DC71EAE92}"
EndProject
Project("{FAE04EC0-301F-11D3-BF4B-00C04F79EFBC}") = "Oculus.Interaction.Samples.Editor", "Oculus.Interaction.Samples.Editor.csproj", "{F79F7CE7-7F02-2436-9AFA-F099EE0FD7C0}"
EndProject
Project("{FAE04EC0-301F-11D3-BF4B-00C04F79EFBC}") = "Oculus.VR.Scripts.Editor", "Oculus.VR.Scripts.Editor.csproj", "{5D9EFA8E-69EA-8EB8-DA36-C864DFAA4FE9}"
EndProject
Project("{FAE04EC0-301F-11D3-BF4B-00C04F79EFBC}") = "VoiceSDK.Editor", "VoiceSDK.Editor.csproj", "{677C8414-66BE-7468-B194-235231E72612}"
EndProject
Project("{FAE04EC0-301F-11D3-BF4B-00C04F79EFBC}") = "Oculus.Spatializer.Editor", "Oculus.Spatializer.Editor.csproj", "{A06E8C1F-F551-D1A8-D207-49EC8FE049D3}"
EndProject
Project("{FAE04EC0-301F-11D3-BF4B-00C04F79EFBC}") = "Meta.WitAi.TTS.Editor", "Meta.WitAi.TTS.Editor.csproj", "{491092E3-81FB-D74F-4DD5-CAFB7225C98B}"
EndProject
Project("{FAE04EC0-301F-11D3-BF4B-00C04F79EFBC}") = "Facebook.Wit.Dictation.Editor", "Facebook.Wit.Dictation.Editor.csproj", "{845864FB-F086-9E0D-BD8C-D13C6F635824}"
EndProject
Project("{FAE04EC0-301F-11D3-BF4B-00C04F79EFBC}") = "Oculus.Platform.Editor", "Oculus.Platform.Editor.csproj", "{EE029C49-D45C-0184-F911-AB412BCE89B3}"
EndProject
Project("{FAE04EC0-301F-11D3-BF4B-00C04F79EFBC}") = "VoiceSDK.Dictation.Editor", "VoiceSDK.Dictation.Editor.csproj", "{24846C6A-1A1A-4B3A-7146-14BE0728469B}"
EndProject
Project("{FAE04EC0-301F-11D3-BF4B-00C04F79EFBC}") = "Oculus.AudioManager.Audio.Editor", "Oculus.AudioManager.Audio.Editor.csproj", "{C14358BE-D595-5226-30EB-FDC235056EE5}"
EndProject
Project("{FAE04EC0-301F-11D3-BF4B-00C04F79EFBC}") = "Oculus.Interaction.InterfaceSupport", "Oculus.Interaction.InterfaceSupport.csproj", "{0E9AB7B5-81A1-3080-6A08-94D612A41261}"
EndProject
Project("{FAE04EC0-301F-11D3-BF4B-00C04F79EFBC}") = "Oculus.LipSync.Editor", "Oculus.LipSync.Editor.csproj", "{4AE177EE-259D-2AC3-4C6A-86C5C125097A}"
EndProject
Project("{FAE04EC0-301F-11D3-BF4B-00C04F79EFBC}") = "Meta.Voice.VSDKHub.Editor", "Meta.Voice.VSDKHub.Editor.csproj", "{253C80E8-E0C3-62F4-EBA8-E617B93BDE02}"
EndProject
Project("{FAE04EC0-301F-11D3-BF4B-00C04F79EFBC}") = "AssistantCoreSDKEditor", "AssistantCoreSDKEditor.csproj", "{1B140A7B-F1B9-B266-3FA5-D89A005C9AA8}"
EndProject
Project("{FAE04EC0-301F-11D3-BF4B-00C04F79EFBC}") = "Oculus.AudioManager.Utils.Editor", "Oculus.AudioManager.Utils.Editor.csproj", "{4A47764B-FADE-3769-DC0A-BF2AE6D61068}"
EndProject
Global
	GlobalSection(SolutionConfigurationPlatforms) = preSolution
		Debug|Any CPU = Debug|Any CPU
		Release|Any CPU = Release|Any CPU
	EndGlobalSection
	GlobalSection(ProjectConfigurationPlatforms) = postSolution
		{304AAD28-45CF-979F-E5BA-6696BC5A83FC}.Debug|Any CPU.ActiveCfg = Debug|Any CPU
		{304AAD28-45CF-979F-E5BA-6696BC5A83FC}.Debug|Any CPU.Build.0 = Debug|Any CPU
		{304AAD28-45CF-979F-E5BA-6696BC5A83FC}.Release|Any CPU.ActiveCfg = Release|Any CPU
		{304AAD28-45CF-979F-E5BA-6696BC5A83FC}.Release|Any CPU.Build.0 = Release|Any CPU
		{D581913C-DA91-2A35-C6D0-204586CCCD08}.Debug|Any CPU.ActiveCfg = Debug|Any CPU
		{D581913C-DA91-2A35-C6D0-204586CCCD08}.Debug|Any CPU.Build.0 = Debug|Any CPU
		{D581913C-DA91-2A35-C6D0-204586CCCD08}.Release|Any CPU.ActiveCfg = Release|Any CPU
		{D581913C-DA91-2A35-C6D0-204586CCCD08}.Release|Any CPU.Build.0 = Release|Any CPU
		{ADD09542-5763-4BC1-7840-C65486851257}.Debug|Any CPU.ActiveCfg = Debug|Any CPU
		{ADD09542-5763-4BC1-7840-C65486851257}.Debug|Any CPU.Build.0 = Debug|Any CPU
		{ADD09542-5763-4BC1-7840-C65486851257}.Release|Any CPU.ActiveCfg = Release|Any CPU
		{ADD09542-5763-4BC1-7840-C65486851257}.Release|Any CPU.Build.0 = Release|Any CPU
		{685F2FC0-2FDF-6142-E245-441F4039B44A}.Debug|Any CPU.ActiveCfg = Debug|Any CPU
		{685F2FC0-2FDF-6142-E245-441F4039B44A}.Debug|Any CPU.Build.0 = Debug|Any CPU
		{685F2FC0-2FDF-6142-E245-441F4039B44A}.Release|Any CPU.ActiveCfg = Release|Any CPU
		{685F2FC0-2FDF-6142-E245-441F4039B44A}.Release|Any CPU.Build.0 = Release|Any CPU
		{A725C169-6C43-32E9-1208-62D641907F53}.Debug|Any CPU.ActiveCfg = Debug|Any CPU
		{A725C169-6C43-32E9-1208-62D641907F53}.Debug|Any CPU.Build.0 = Debug|Any CPU
		{A725C169-6C43-32E9-1208-62D641907F53}.Release|Any CPU.ActiveCfg = Release|Any CPU
		{A725C169-6C43-32E9-1208-62D641907F53}.Release|Any CPU.Build.0 = Release|Any CPU
		{77355702-4F53-76AA-08CF-923A6B407571}.Debug|Any CPU.ActiveCfg = Debug|Any CPU
		{77355702-4F53-76AA-08CF-923A6B407571}.Debug|Any CPU.Build.0 = Debug|Any CPU
		{77355702-4F53-76AA-08CF-923A6B407571}.Release|Any CPU.ActiveCfg = Release|Any CPU
		{77355702-4F53-76AA-08CF-923A6B407571}.Release|Any CPU.Build.0 = Release|Any CPU
		{CACE39CE-A9A8-0577-743B-09A8C6417FB3}.Debug|Any CPU.ActiveCfg = Debug|Any CPU
		{CACE39CE-A9A8-0577-743B-09A8C6417FB3}.Debug|Any CPU.Build.0 = Debug|Any CPU
		{CACE39CE-A9A8-0577-743B-09A8C6417FB3}.Release|Any CPU.ActiveCfg = Release|Any CPU
		{CACE39CE-A9A8-0577-743B-09A8C6417FB3}.Release|Any CPU.Build.0 = Release|Any CPU
		{4974D64F-A1E0-10B7-AA9E-C095F04C3A64}.Debug|Any CPU.ActiveCfg = Debug|Any CPU
		{4974D64F-A1E0-10B7-AA9E-C095F04C3A64}.Debug|Any CPU.Build.0 = Debug|Any CPU
		{4974D64F-A1E0-10B7-AA9E-C095F04C3A64}.Release|Any CPU.ActiveCfg = Release|Any CPU
		{4974D64F-A1E0-10B7-AA9E-C095F04C3A64}.Release|Any CPU.Build.0 = Release|Any CPU
		{86A6D442-6F5F-5E6F-BD77-A9E4ACCD4733}.Debug|Any CPU.ActiveCfg = Debug|Any CPU
		{86A6D442-6F5F-5E6F-BD77-A9E4ACCD4733}.Debug|Any CPU.Build.0 = Debug|Any CPU
		{86A6D442-6F5F-5E6F-BD77-A9E4ACCD4733}.Release|Any CPU.ActiveCfg = Release|Any CPU
		{86A6D442-6F5F-5E6F-BD77-A9E4ACCD4733}.Release|Any CPU.Build.0 = Release|Any CPU
		{0F089897-0CE2-3A5E-5F9F-360197B365C7}.Debug|Any CPU.ActiveCfg = Debug|Any CPU
		{0F089897-0CE2-3A5E-5F9F-360197B365C7}.Debug|Any CPU.Build.0 = Debug|Any CPU
		{0F089897-0CE2-3A5E-5F9F-360197B365C7}.Release|Any CPU.ActiveCfg = Release|Any CPU
		{0F089897-0CE2-3A5E-5F9F-360197B365C7}.Release|Any CPU.Build.0 = Release|Any CPU
		{DD417D81-66B9-DD1D-5171-A29A5FD60E65}.Debug|Any CPU.ActiveCfg = Debug|Any CPU
		{DD417D81-66B9-DD1D-5171-A29A5FD60E65}.Debug|Any CPU.Build.0 = Debug|Any CPU
		{DD417D81-66B9-DD1D-5171-A29A5FD60E65}.Release|Any CPU.ActiveCfg = Release|Any CPU
		{DD417D81-66B9-DD1D-5171-A29A5FD60E65}.Release|Any CPU.Build.0 = Release|Any CPU
		{9BD61BE9-FB6A-168D-13B0-96F29CDF56E8}.Debug|Any CPU.ActiveCfg = Debug|Any CPU
		{9BD61BE9-FB6A-168D-13B0-96F29CDF56E8}.Debug|Any CPU.Build.0 = Debug|Any CPU
		{9BD61BE9-FB6A-168D-13B0-96F29CDF56E8}.Release|Any CPU.ActiveCfg = Release|Any CPU
		{9BD61BE9-FB6A-168D-13B0-96F29CDF56E8}.Release|Any CPU.Build.0 = Release|Any CPU
		{CC5EB137-0A12-E326-B868-6AE1D2ACA5AA}.Debug|Any CPU.ActiveCfg = Debug|Any CPU
		{CC5EB137-0A12-E326-B868-6AE1D2ACA5AA}.Debug|Any CPU.Build.0 = Debug|Any CPU
		{CC5EB137-0A12-E326-B868-6AE1D2ACA5AA}.Release|Any CPU.ActiveCfg = Release|Any CPU
		{CC5EB137-0A12-E326-B868-6AE1D2ACA5AA}.Release|Any CPU.Build.0 = Release|Any CPU
		{E86AE5C2-667E-9572-62E5-D20EFA601100}.Debug|Any CPU.ActiveCfg = Debug|Any CPU
		{E86AE5C2-667E-9572-62E5-D20EFA601100}.Debug|Any CPU.Build.0 = Debug|Any CPU
		{E86AE5C2-667E-9572-62E5-D20EFA601100}.Release|Any CPU.ActiveCfg = Release|Any CPU
		{E86AE5C2-667E-9572-62E5-D20EFA601100}.Release|Any CPU.Build.0 = Release|Any CPU
		{12C8C2C3-F78C-9355-D01A-F3F4F35241F5}.Debug|Any CPU.ActiveCfg = Debug|Any CPU
		{12C8C2C3-F78C-9355-D01A-F3F4F35241F5}.Debug|Any CPU.Build.0 = Debug|Any CPU
		{12C8C2C3-F78C-9355-D01A-F3F4F35241F5}.Release|Any CPU.ActiveCfg = Release|Any CPU
		{12C8C2C3-F78C-9355-D01A-F3F4F35241F5}.Release|Any CPU.Build.0 = Release|Any CPU
		{C80A396F-68A4-EE55-A8BD-4E58963D1E5F}.Debug|Any CPU.ActiveCfg = Debug|Any CPU
		{C80A396F-68A4-EE55-A8BD-4E58963D1E5F}.Debug|Any CPU.Build.0 = Debug|Any CPU
		{C80A396F-68A4-EE55-A8BD-4E58963D1E5F}.Release|Any CPU.ActiveCfg = Release|Any CPU
		{C80A396F-68A4-EE55-A8BD-4E58963D1E5F}.Release|Any CPU.Build.0 = Release|Any CPU
		{16A45B05-42A8-BDEE-E776-02C804BBCA2D}.Debug|Any CPU.ActiveCfg = Debug|Any CPU
		{16A45B05-42A8-BDEE-E776-02C804BBCA2D}.Debug|Any CPU.Build.0 = Debug|Any CPU
		{16A45B05-42A8-BDEE-E776-02C804BBCA2D}.Release|Any CPU.ActiveCfg = Release|Any CPU
		{16A45B05-42A8-BDEE-E776-02C804BBCA2D}.Release|Any CPU.Build.0 = Release|Any CPU
		{1AD7AB32-954C-4131-2CE2-FC24793A74AB}.Debug|Any CPU.ActiveCfg = Debug|Any CPU
		{1AD7AB32-954C-4131-2CE2-FC24793A74AB}.Debug|Any CPU.Build.0 = Debug|Any CPU
		{1AD7AB32-954C-4131-2CE2-FC24793A74AB}.Release|Any CPU.ActiveCfg = Release|Any CPU
		{1AD7AB32-954C-4131-2CE2-FC24793A74AB}.Release|Any CPU.Build.0 = Release|Any CPU
		{16399CF0-990F-A5F8-C583-A97E83C5D050}.Debug|Any CPU.ActiveCfg = Debug|Any CPU
		{16399CF0-990F-A5F8-C583-A97E83C5D050}.Debug|Any CPU.Build.0 = Debug|Any CPU
		{16399CF0-990F-A5F8-C583-A97E83C5D050}.Release|Any CPU.ActiveCfg = Release|Any CPU
		{16399CF0-990F-A5F8-C583-A97E83C5D050}.Release|Any CPU.Build.0 = Release|Any CPU
		{7908377F-EE62-154D-4C75-76022039FE70}.Debug|Any CPU.ActiveCfg = Debug|Any CPU
		{7908377F-EE62-154D-4C75-76022039FE70}.Debug|Any CPU.Build.0 = Debug|Any CPU
		{7908377F-EE62-154D-4C75-76022039FE70}.Release|Any CPU.ActiveCfg = Release|Any CPU
		{7908377F-EE62-154D-4C75-76022039FE70}.Release|Any CPU.Build.0 = Release|Any CPU
		{62465B73-2046-E1F3-DE3C-8B8543B6E909}.Debug|Any CPU.ActiveCfg = Debug|Any CPU
		{62465B73-2046-E1F3-DE3C-8B8543B6E909}.Debug|Any CPU.Build.0 = Debug|Any CPU
		{62465B73-2046-E1F3-DE3C-8B8543B6E909}.Release|Any CPU.ActiveCfg = Release|Any CPU
		{62465B73-2046-E1F3-DE3C-8B8543B6E909}.Release|Any CPU.Build.0 = Release|Any CPU
		{9753379E-9F77-AE8D-9D2D-9A6DFD580C1F}.Debug|Any CPU.ActiveCfg = Debug|Any CPU
		{9753379E-9F77-AE8D-9D2D-9A6DFD580C1F}.Debug|Any CPU.Build.0 = Debug|Any CPU
		{9753379E-9F77-AE8D-9D2D-9A6DFD580C1F}.Release|Any CPU.ActiveCfg = Release|Any CPU
		{9753379E-9F77-AE8D-9D2D-9A6DFD580C1F}.Release|Any CPU.Build.0 = Release|Any CPU
		{66EEB2A5-1723-021A-8225-1C1EA62F7DD0}.Debug|Any CPU.ActiveCfg = Debug|Any CPU
		{66EEB2A5-1723-021A-8225-1C1EA62F7DD0}.Debug|Any CPU.Build.0 = Debug|Any CPU
		{66EEB2A5-1723-021A-8225-1C1EA62F7DD0}.Release|Any CPU.ActiveCfg = Release|Any CPU
		{66EEB2A5-1723-021A-8225-1C1EA62F7DD0}.Release|Any CPU.Build.0 = Release|Any CPU
		{5FDE41BF-41FE-2D4D-AB12-BCFD2B1E2B1A}.Debug|Any CPU.ActiveCfg = Debug|Any CPU
		{5FDE41BF-41FE-2D4D-AB12-BCFD2B1E2B1A}.Debug|Any CPU.Build.0 = Debug|Any CPU
		{5FDE41BF-41FE-2D4D-AB12-BCFD2B1E2B1A}.Release|Any CPU.ActiveCfg = Release|Any CPU
		{5FDE41BF-41FE-2D4D-AB12-BCFD2B1E2B1A}.Release|Any CPU.Build.0 = Release|Any CPU
		{28F2710D-5329-32D0-DC15-0A168E58F8FA}.Debug|Any CPU.ActiveCfg = Debug|Any CPU
		{28F2710D-5329-32D0-DC15-0A168E58F8FA}.Debug|Any CPU.Build.0 = Debug|Any CPU
		{28F2710D-5329-32D0-DC15-0A168E58F8FA}.Release|Any CPU.ActiveCfg = Release|Any CPU
		{28F2710D-5329-32D0-DC15-0A168E58F8FA}.Release|Any CPU.Build.0 = Release|Any CPU
		{83F50ACB-DBD2-AD7B-1783-3B4DB50A7260}.Debug|Any CPU.ActiveCfg = Debug|Any CPU
		{83F50ACB-DBD2-AD7B-1783-3B4DB50A7260}.Debug|Any CPU.Build.0 = Debug|Any CPU
		{83F50ACB-DBD2-AD7B-1783-3B4DB50A7260}.Release|Any CPU.ActiveCfg = Release|Any CPU
		{83F50ACB-DBD2-AD7B-1783-3B4DB50A7260}.Release|Any CPU.Build.0 = Release|Any CPU
		{F04EEAE7-BA8E-2C7B-AAB9-F0B880019144}.Debug|Any CPU.ActiveCfg = Debug|Any CPU
		{F04EEAE7-BA8E-2C7B-AAB9-F0B880019144}.Debug|Any CPU.Build.0 = Debug|Any CPU
		{F04EEAE7-BA8E-2C7B-AAB9-F0B880019144}.Release|Any CPU.ActiveCfg = Release|Any CPU
		{F04EEAE7-BA8E-2C7B-AAB9-F0B880019144}.Release|Any CPU.Build.0 = Release|Any CPU
		{9E4327D9-60D8-E6F9-F82A-A420A875CD0C}.Debug|Any CPU.ActiveCfg = Debug|Any CPU
		{9E4327D9-60D8-E6F9-F82A-A420A875CD0C}.Debug|Any CPU.Build.0 = Debug|Any CPU
		{9E4327D9-60D8-E6F9-F82A-A420A875CD0C}.Release|Any CPU.ActiveCfg = Release|Any CPU
		{9E4327D9-60D8-E6F9-F82A-A420A875CD0C}.Release|Any CPU.Build.0 = Release|Any CPU
		{BE42EE46-A705-81A7-B2B1-EE5F891952F4}.Debug|Any CPU.ActiveCfg = Debug|Any CPU
		{BE42EE46-A705-81A7-B2B1-EE5F891952F4}.Debug|Any CPU.Build.0 = Debug|Any CPU
		{BE42EE46-A705-81A7-B2B1-EE5F891952F4}.Release|Any CPU.ActiveCfg = Release|Any CPU
		{BE42EE46-A705-81A7-B2B1-EE5F891952F4}.Release|Any CPU.Build.0 = Release|Any CPU
		{E78FCE2E-B969-3BD2-365B-E166AC5F6F33}.Debug|Any CPU.ActiveCfg = Debug|Any CPU
		{E78FCE2E-B969-3BD2-365B-E166AC5F6F33}.Debug|Any CPU.Build.0 = Debug|Any CPU
		{E78FCE2E-B969-3BD2-365B-E166AC5F6F33}.Release|Any CPU.ActiveCfg = Release|Any CPU
		{E78FCE2E-B969-3BD2-365B-E166AC5F6F33}.Release|Any CPU.Build.0 = Release|Any CPU
		{89054E9C-BAC5-84C4-7BAE-ACD7304E710D}.Debug|Any CPU.ActiveCfg = Debug|Any CPU
		{89054E9C-BAC5-84C4-7BAE-ACD7304E710D}.Debug|Any CPU.Build.0 = Debug|Any CPU
		{89054E9C-BAC5-84C4-7BAE-ACD7304E710D}.Release|Any CPU.ActiveCfg = Release|Any CPU
		{89054E9C-BAC5-84C4-7BAE-ACD7304E710D}.Release|Any CPU.Build.0 = Release|Any CPU
		{CB8D77A3-D598-D00C-0F79-CD0DC71EAE92}.Debug|Any CPU.ActiveCfg = Debug|Any CPU
		{CB8D77A3-D598-D00C-0F79-CD0DC71EAE92}.Debug|Any CPU.Build.0 = Debug|Any CPU
		{CB8D77A3-D598-D00C-0F79-CD0DC71EAE92}.Release|Any CPU.ActiveCfg = Release|Any CPU
		{CB8D77A3-D598-D00C-0F79-CD0DC71EAE92}.Release|Any CPU.Build.0 = Release|Any CPU
		{F79F7CE7-7F02-2436-9AFA-F099EE0FD7C0}.Debug|Any CPU.ActiveCfg = Debug|Any CPU
		{F79F7CE7-7F02-2436-9AFA-F099EE0FD7C0}.Debug|Any CPU.Build.0 = Debug|Any CPU
		{F79F7CE7-7F02-2436-9AFA-F099EE0FD7C0}.Release|Any CPU.ActiveCfg = Release|Any CPU
		{F79F7CE7-7F02-2436-9AFA-F099EE0FD7C0}.Release|Any CPU.Build.0 = Release|Any CPU
		{5D9EFA8E-69EA-8EB8-DA36-C864DFAA4FE9}.Debug|Any CPU.ActiveCfg = Debug|Any CPU
		{5D9EFA8E-69EA-8EB8-DA36-C864DFAA4FE9}.Debug|Any CPU.Build.0 = Debug|Any CPU
		{5D9EFA8E-69EA-8EB8-DA36-C864DFAA4FE9}.Release|Any CPU.ActiveCfg = Release|Any CPU
		{5D9EFA8E-69EA-8EB8-DA36-C864DFAA4FE9}.Release|Any CPU.Build.0 = Release|Any CPU
		{677C8414-66BE-7468-B194-235231E72612}.Debug|Any CPU.ActiveCfg = Debug|Any CPU
		{677C8414-66BE-7468-B194-235231E72612}.Debug|Any CPU.Build.0 = Debug|Any CPU
		{677C8414-66BE-7468-B194-235231E72612}.Release|Any CPU.ActiveCfg = Release|Any CPU
		{677C8414-66BE-7468-B194-235231E72612}.Release|Any CPU.Build.0 = Release|Any CPU
		{A06E8C1F-F551-D1A8-D207-49EC8FE049D3}.Debug|Any CPU.ActiveCfg = Debug|Any CPU
		{A06E8C1F-F551-D1A8-D207-49EC8FE049D3}.Debug|Any CPU.Build.0 = Debug|Any CPU
		{A06E8C1F-F551-D1A8-D207-49EC8FE049D3}.Release|Any CPU.ActiveCfg = Release|Any CPU
		{A06E8C1F-F551-D1A8-D207-49EC8FE049D3}.Release|Any CPU.Build.0 = Release|Any CPU
		{491092E3-81FB-D74F-4DD5-CAFB7225C98B}.Debug|Any CPU.ActiveCfg = Debug|Any CPU
		{491092E3-81FB-D74F-4DD5-CAFB7225C98B}.Debug|Any CPU.Build.0 = Debug|Any CPU
		{491092E3-81FB-D74F-4DD5-CAFB7225C98B}.Release|Any CPU.ActiveCfg = Release|Any CPU
		{491092E3-81FB-D74F-4DD5-CAFB7225C98B}.Release|Any CPU.Build.0 = Release|Any CPU
		{845864FB-F086-9E0D-BD8C-D13C6F635824}.Debug|Any CPU.ActiveCfg = Debug|Any CPU
		{845864FB-F086-9E0D-BD8C-D13C6F635824}.Debug|Any CPU.Build.0 = Debug|Any CPU
		{845864FB-F086-9E0D-BD8C-D13C6F635824}.Release|Any CPU.ActiveCfg = Release|Any CPU
		{845864FB-F086-9E0D-BD8C-D13C6F635824}.Release|Any CPU.Build.0 = Release|Any CPU
		{EE029C49-D45C-0184-F911-AB412BCE89B3}.Debug|Any CPU.ActiveCfg = Debug|Any CPU
		{EE029C49-D45C-0184-F911-AB412BCE89B3}.Debug|Any CPU.Build.0 = Debug|Any CPU
		{EE029C49-D45C-0184-F911-AB412BCE89B3}.Release|Any CPU.ActiveCfg = Release|Any CPU
		{EE029C49-D45C-0184-F911-AB412BCE89B3}.Release|Any CPU.Build.0 = Release|Any CPU
		{24846C6A-1A1A-4B3A-7146-14BE0728469B}.Debug|Any CPU.ActiveCfg = Debug|Any CPU
		{24846C6A-1A1A-4B3A-7146-14BE0728469B}.Debug|Any CPU.Build.0 = Debug|Any CPU
		{24846C6A-1A1A-4B3A-7146-14BE0728469B}.Release|Any CPU.ActiveCfg = Release|Any CPU
		{24846C6A-1A1A-4B3A-7146-14BE0728469B}.Release|Any CPU.Build.0 = Release|Any CPU
		{C14358BE-D595-5226-30EB-FDC235056EE5}.Debug|Any CPU.ActiveCfg = Debug|Any CPU
		{C14358BE-D595-5226-30EB-FDC235056EE5}.Debug|Any CPU.Build.0 = Debug|Any CPU
		{C14358BE-D595-5226-30EB-FDC235056EE5}.Release|Any CPU.ActiveCfg = Release|Any CPU
		{C14358BE-D595-5226-30EB-FDC235056EE5}.Release|Any CPU.Build.0 = Release|Any CPU
		{0E9AB7B5-81A1-3080-6A08-94D612A41261}.Debug|Any CPU.ActiveCfg = Debug|Any CPU
		{0E9AB7B5-81A1-3080-6A08-94D612A41261}.Debug|Any CPU.Build.0 = Debug|Any CPU
		{0E9AB7B5-81A1-3080-6A08-94D612A41261}.Release|Any CPU.ActiveCfg = Release|Any CPU
		{0E9AB7B5-81A1-3080-6A08-94D612A41261}.Release|Any CPU.Build.0 = Release|Any CPU
		{4AE177EE-259D-2AC3-4C6A-86C5C125097A}.Debug|Any CPU.ActiveCfg = Debug|Any CPU
		{4AE177EE-259D-2AC3-4C6A-86C5C125097A}.Debug|Any CPU.Build.0 = Debug|Any CPU
		{4AE177EE-259D-2AC3-4C6A-86C5C125097A}.Release|Any CPU.ActiveCfg = Release|Any CPU
		{4AE177EE-259D-2AC3-4C6A-86C5C125097A}.Release|Any CPU.Build.0 = Release|Any CPU
		{253C80E8-E0C3-62F4-EBA8-E617B93BDE02}.Debug|Any CPU.ActiveCfg = Debug|Any CPU
		{253C80E8-E0C3-62F4-EBA8-E617B93BDE02}.Debug|Any CPU.Build.0 = Debug|Any CPU
		{253C80E8-E0C3-62F4-EBA8-E617B93BDE02}.Release|Any CPU.ActiveCfg = Release|Any CPU
		{253C80E8-E0C3-62F4-EBA8-E617B93BDE02}.Release|Any CPU.Build.0 = Release|Any CPU
		{1B140A7B-F1B9-B266-3FA5-D89A005C9AA8}.Debug|Any CPU.ActiveCfg = Debug|Any CPU
		{1B140A7B-F1B9-B266-3FA5-D89A005C9AA8}.Debug|Any CPU.Build.0 = Debug|Any CPU
		{1B140A7B-F1B9-B266-3FA5-D89A005C9AA8}.Release|Any CPU.ActiveCfg = Release|Any CPU
		{1B140A7B-F1B9-B266-3FA5-D89A005C9AA8}.Release|Any CPU.Build.0 = Release|Any CPU
		{4A47764B-FADE-3769-DC0A-BF2AE6D61068}.Debug|Any CPU.ActiveCfg = Debug|Any CPU
		{4A47764B-FADE-3769-DC0A-BF2AE6D61068}.Debug|Any CPU.Build.0 = Debug|Any CPU
		{4A47764B-FADE-3769-DC0A-BF2AE6D61068}.Release|Any CPU.ActiveCfg = Release|Any CPU
		{4A47764B-FADE-3769-DC0A-BF2AE6D61068}.Release|Any CPU.Build.0 = Release|Any CPU
	EndGlobalSection
	GlobalSection(SolutionProperties) = preSolution
		HideSolutionNode = FALSE
	EndGlobalSection
EndGlobal
